
Microsoft Visual Studio Solution File, Format Version 11.00
# Visual Studio 2010
Project("{FAE04EC0-301F-11D3-BF4B-00C04F79EFBC}") = "Assembly-CSharp", "Assembly-CSharp.csproj", "{ab5317e7-52e5-2596-736b-22500aeab210}"
EndProject
Project("{FAE04EC0-301F-11D3-BF4B-00C04F79EFBC}") = "Assembly-CSharp-Editor", "Assembly-CSharp-Editor.csproj", "{55ce476d-b075-bb5e-2cf4-64ce66fdcd50}"
EndProject
Global
	GlobalSection(SolutionConfigurationPlatforms) = preSolution
		Debug|Any CPU = Debug|Any CPU
	EndGlobalSection
	GlobalSection(ProjectConfigurationPlatforms) = postSolution
		{ab5317e7-52e5-2596-736b-22500aeab210}.Debug|Any CPU.ActiveCfg = Debug|Any CPU
		{ab5317e7-52e5-2596-736b-22500aeab210}.Debug|Any CPU.Build.0 = Debug|Any CPU
		{55ce476d-b075-bb5e-2cf4-64ce66fdcd50}.Debug|Any CPU.ActiveCfg = Debug|Any CPU
		{55ce476d-b075-bb5e-2cf4-64ce66fdcd50}.Debug|Any CPU.Build.0 = Debug|Any CPU
	EndGlobalSection
	GlobalSection(SolutionProperties) = preSolution
		HideSolutionNode = FALSE
	EndGlobalSection
EndGlobal
